// !$*UTF8*$!
{
	archiveVersion = 1;
	classes = {
	};
	objectVersion = 54;
	objects = {

/* Begin PBXBuildFile section */
		0C80B921A6F3F58F76C31292 /* (null) in Frameworks */ = {isa = PBXBuildFile; };
		13B07FBC1A68108700A75B9A /* AppDelegate.mm in Sources */ = {isa = PBXBuildFile; fileRef = 13B07FB01A68108700A75B9A /* AppDelegate.mm */; };
		13B07FBF1A68108700A75B9A /* Images.xcassets in Resources */ = {isa = PBXBuildFile; fileRef = 13B07FB51A68108700A75B9A /* Images.xcassets */; };
		13B07FC11A68108700A75B9A /* main.m in Sources */ = {isa = PBXBuildFile; fileRef = 13B07FB71A68108700A75B9A /* main.m */; };
		20AFDFDE4B4A920C9B642768 /* libPods-ReactNativeProgramm-ReactNativeProgramm-dev.a in Frameworks */ = {isa = PBXBuildFile; fileRef = 702710324C06250F43529EBB /* libPods-ReactNativeProgramm-ReactNativeProgramm-dev.a */; };
		5EF8800E32942283473A9B8C /* ExpoModulesProvider.swift in Sources */ = {isa = PBXBuildFile; fileRef = 7925D2D1ABD27EDD822BF64C /* ExpoModulesProvider.swift */; };
		73D38DAC3127C285D63B0BF9 /* libPods-ReactNativeProgramm-ReactNativeProgramm-qa.a in Frameworks */ = {isa = PBXBuildFile; fileRef = 5719A6DEBEECCDE3A8BBF8F3 /* libPods-ReactNativeProgramm-ReactNativeProgramm-qa.a */; };
		81AB9BB82411601600AC10FF /* LaunchScreen.storyboard in Resources */ = {isa = PBXBuildFile; fileRef = 81AB9BB72411601600AC10FF /* LaunchScreen.storyboard */; };
		A1E31515C30D6598AFB5166C /* ExpoModulesProvider.swift in Sources */ = {isa = PBXBuildFile; fileRef = 1EA682DED77C96FB19F1DE6D /* ExpoModulesProvider.swift */; };
		A35A36D1F20701F1EC64F8F0 /* ExpoModulesProvider.swift in Sources */ = {isa = PBXBuildFile; fileRef = 8892D87511ACD12C92AA9C14 /* ExpoModulesProvider.swift */; };
		A9E8901B2AA99E8A006ACA01 /* AppDelegate.mm in Sources */ = {isa = PBXBuildFile; fileRef = 13B07FB01A68108700A75B9A /* AppDelegate.mm */; };
		A9E8901C2AA99E8A006ACA01 /* main.m in Sources */ = {isa = PBXBuildFile; fileRef = 13B07FB71A68108700A75B9A /* main.m */; };
		A9E8901D2AA99E8A006ACA01 /* ExpoModulesProvider.swift in Sources */ = {isa = PBXBuildFile; fileRef = 1EA682DED77C96FB19F1DE6D /* ExpoModulesProvider.swift */; };
		A9E890212AA99E8A006ACA01 /* LaunchScreen.storyboard in Resources */ = {isa = PBXBuildFile; fileRef = 81AB9BB72411601600AC10FF /* LaunchScreen.storyboard */; };
		A9E890222AA99E8A006ACA01 /* Images.xcassets in Resources */ = {isa = PBXBuildFile; fileRef = 13B07FB51A68108700A75B9A /* Images.xcassets */; };
		A9E890302AA99F07006ACA01 /* AppDelegate.mm in Sources */ = {isa = PBXBuildFile; fileRef = 13B07FB01A68108700A75B9A /* AppDelegate.mm */; };
		A9E890312AA99F07006ACA01 /* main.m in Sources */ = {isa = PBXBuildFile; fileRef = 13B07FB71A68108700A75B9A /* main.m */; };
		A9E890322AA99F07006ACA01 /* ExpoModulesProvider.swift in Sources */ = {isa = PBXBuildFile; fileRef = 1EA682DED77C96FB19F1DE6D /* ExpoModulesProvider.swift */; };
		A9E890362AA99F07006ACA01 /* LaunchScreen.storyboard in Resources */ = {isa = PBXBuildFile; fileRef = 81AB9BB72411601600AC10FF /* LaunchScreen.storyboard */; };
		A9E890372AA99F07006ACA01 /* Images.xcassets in Resources */ = {isa = PBXBuildFile; fileRef = 13B07FB51A68108700A75B9A /* Images.xcassets */; };
		A9E890452AA99F1C006ACA01 /* AppDelegate.mm in Sources */ = {isa = PBXBuildFile; fileRef = 13B07FB01A68108700A75B9A /* AppDelegate.mm */; };
		A9E890462AA99F1C006ACA01 /* main.m in Sources */ = {isa = PBXBuildFile; fileRef = 13B07FB71A68108700A75B9A /* main.m */; };
		A9E890472AA99F1C006ACA01 /* ExpoModulesProvider.swift in Sources */ = {isa = PBXBuildFile; fileRef = 1EA682DED77C96FB19F1DE6D /* ExpoModulesProvider.swift */; };
		A9E8904B2AA99F1C006ACA01 /* LaunchScreen.storyboard in Resources */ = {isa = PBXBuildFile; fileRef = 81AB9BB72411601600AC10FF /* LaunchScreen.storyboard */; };
		A9E8904C2AA99F1C006ACA01 /* Images.xcassets in Resources */ = {isa = PBXBuildFile; fileRef = 13B07FB51A68108700A75B9A /* Images.xcassets */; };
		BCD07560C628EF11CAA5CDFB /* libPods-ReactNativeProgramm-ReactNativeProgramm-prod.a in Frameworks */ = {isa = PBXBuildFile; fileRef = 2241098F757583A4252FEAFD /* libPods-ReactNativeProgramm-ReactNativeProgramm-prod.a */; };
		E36121857D64950473E926A6 /* ExpoModulesProvider.swift in Sources */ = {isa = PBXBuildFile; fileRef = 36D1218A7C414248099EF648 /* ExpoModulesProvider.swift */; };
/* End PBXBuildFile section */

/* Begin PBXFileReference section */
		00E356F11AD99517003FC87E /* Info.plist */ = {isa = PBXFileReference; lastKnownFileType = text.plist.xml; path = Info.plist; sourceTree = "<group>"; };
		00E356F21AD99517003FC87E /* ReactNativeProgrammTests.m */ = {isa = PBXFileReference; lastKnownFileType = sourcecode.c.objc; path = ReactNativeProgrammTests.m; sourceTree = "<group>"; };
		13B07F961A680F5B00A75B9A /* ReactNativeProgramm.app */ = {isa = PBXFileReference; explicitFileType = wrapper.application; includeInIndex = 0; path = ReactNativeProgramm.app; sourceTree = BUILT_PRODUCTS_DIR; };
		13B07FAF1A68108700A75B9A /* AppDelegate.h */ = {isa = PBXFileReference; fileEncoding = 4; lastKnownFileType = sourcecode.c.h; name = AppDelegate.h; path = ReactNativeProgramm/AppDelegate.h; sourceTree = "<group>"; };
		13B07FB01A68108700A75B9A /* AppDelegate.mm */ = {isa = PBXFileReference; fileEncoding = 4; lastKnownFileType = sourcecode.cpp.objcpp; name = AppDelegate.mm; path = ReactNativeProgramm/AppDelegate.mm; sourceTree = "<group>"; };
		13B07FB51A68108700A75B9A /* Images.xcassets */ = {isa = PBXFileReference; lastKnownFileType = folder.assetcatalog; name = Images.xcassets; path = ReactNativeProgramm/Images.xcassets; sourceTree = "<group>"; };
		13B07FB61A68108700A75B9A /* Info.plist */ = {isa = PBXFileReference; fileEncoding = 4; lastKnownFileType = text.plist.xml; name = Info.plist; path = ReactNativeProgramm/Info.plist; sourceTree = "<group>"; };
		13B07FB71A68108700A75B9A /* main.m */ = {isa = PBXFileReference; fileEncoding = 4; lastKnownFileType = sourcecode.c.objc; name = main.m; path = ReactNativeProgramm/main.m; sourceTree = "<group>"; };
		19F6CBCC0A4E27FBF8BF4A61 /* libPods-ReactNativeProgramm-ReactNativeProgrammTests.a */ = {isa = PBXFileReference; explicitFileType = archive.ar; includeInIndex = 0; path = "libPods-ReactNativeProgramm-ReactNativeProgrammTests.a"; sourceTree = BUILT_PRODUCTS_DIR; };
		1EA682DED77C96FB19F1DE6D /* ExpoModulesProvider.swift */ = {isa = PBXFileReference; includeInIndex = 1; lastKnownFileType = sourcecode.swift; name = ExpoModulesProvider.swift; path = "Pods/Target Support Files/Pods-ReactNativeProgramm/ExpoModulesProvider.swift"; sourceTree = "<group>"; };
		2241098F757583A4252FEAFD /* libPods-ReactNativeProgramm-ReactNativeProgramm-prod.a */ = {isa = PBXFileReference; explicitFileType = archive.ar; includeInIndex = 0; path = "libPods-ReactNativeProgramm-ReactNativeProgramm-prod.a"; sourceTree = BUILT_PRODUCTS_DIR; };
		36D1218A7C414248099EF648 /* ExpoModulesProvider.swift */ = {isa = PBXFileReference; includeInIndex = 1; lastKnownFileType = sourcecode.swift; name = ExpoModulesProvider.swift; path = "Pods/Target Support Files/Pods-ReactNativeProgramm-ReactNativeProgramm-dev/ExpoModulesProvider.swift"; sourceTree = "<group>"; };
		3B4392A12AC88292D35C810B /* Pods-ReactNativeProgramm.debug.xcconfig */ = {isa = PBXFileReference; includeInIndex = 1; lastKnownFileType = text.xcconfig; name = "Pods-ReactNativeProgramm.debug.xcconfig"; path = "Target Support Files/Pods-ReactNativeProgramm/Pods-ReactNativeProgramm.debug.xcconfig"; sourceTree = "<group>"; };
		5709B34CF0A7D63546082F79 /* Pods-ReactNativeProgramm.release.xcconfig */ = {isa = PBXFileReference; includeInIndex = 1; lastKnownFileType = text.xcconfig; name = "Pods-ReactNativeProgramm.release.xcconfig"; path = "Target Support Files/Pods-ReactNativeProgramm/Pods-ReactNativeProgramm.release.xcconfig"; sourceTree = "<group>"; };
		5719A6DEBEECCDE3A8BBF8F3 /* libPods-ReactNativeProgramm-ReactNativeProgramm-qa.a */ = {isa = PBXFileReference; explicitFileType = archive.ar; includeInIndex = 0; path = "libPods-ReactNativeProgramm-ReactNativeProgramm-qa.a"; sourceTree = BUILT_PRODUCTS_DIR; };
		5B7EB9410499542E8C5724F5 /* Pods-ReactNativeProgramm-ReactNativeProgrammTests.debug.xcconfig */ = {isa = PBXFileReference; includeInIndex = 1; lastKnownFileType = text.xcconfig; name = "Pods-ReactNativeProgramm-ReactNativeProgrammTests.debug.xcconfig"; path = "Target Support Files/Pods-ReactNativeProgramm-ReactNativeProgrammTests/Pods-ReactNativeProgramm-ReactNativeProgrammTests.debug.xcconfig"; sourceTree = "<group>"; };
		68FFB95543C2AE6839EDD1D5 /* Pods-ReactNativeProgramm-ReactNativeProgramm-qa.debug.xcconfig */ = {isa = PBXFileReference; includeInIndex = 1; lastKnownFileType = text.xcconfig; name = "Pods-ReactNativeProgramm-ReactNativeProgramm-qa.debug.xcconfig"; path = "Target Support Files/Pods-ReactNativeProgramm-ReactNativeProgramm-qa/Pods-ReactNativeProgramm-ReactNativeProgramm-qa.debug.xcconfig"; sourceTree = "<group>"; };
		702710324C06250F43529EBB /* libPods-ReactNativeProgramm-ReactNativeProgramm-dev.a */ = {isa = PBXFileReference; explicitFileType = archive.ar; includeInIndex = 0; path = "libPods-ReactNativeProgramm-ReactNativeProgramm-dev.a"; sourceTree = BUILT_PRODUCTS_DIR; };
		7925D2D1ABD27EDD822BF64C /* ExpoModulesProvider.swift */ = {isa = PBXFileReference; includeInIndex = 1; lastKnownFileType = sourcecode.swift; name = ExpoModulesProvider.swift; path = "Pods/Target Support Files/Pods-ReactNativeProgramm-ReactNativeProgramm-qa/ExpoModulesProvider.swift"; sourceTree = "<group>"; };
		81AB9BB72411601600AC10FF /* LaunchScreen.storyboard */ = {isa = PBXFileReference; fileEncoding = 4; lastKnownFileType = file.storyboard; name = LaunchScreen.storyboard; path = ReactNativeProgramm/LaunchScreen.storyboard; sourceTree = "<group>"; };
		8892D87511ACD12C92AA9C14 /* ExpoModulesProvider.swift */ = {isa = PBXFileReference; includeInIndex = 1; lastKnownFileType = sourcecode.swift; name = ExpoModulesProvider.swift; path = "Pods/Target Support Files/Pods-ReactNativeProgramm-ReactNativeProgramm-prod/ExpoModulesProvider.swift"; sourceTree = "<group>"; };
		89C6BE57DB24E9ADA2F236DE /* Pods-ReactNativeProgramm-ReactNativeProgrammTests.release.xcconfig */ = {isa = PBXFileReference; includeInIndex = 1; lastKnownFileType = text.xcconfig; name = "Pods-ReactNativeProgramm-ReactNativeProgrammTests.release.xcconfig"; path = "Target Support Files/Pods-ReactNativeProgramm-ReactNativeProgrammTests/Pods-ReactNativeProgramm-ReactNativeProgrammTests.release.xcconfig"; sourceTree = "<group>"; };
		A938460D2A5B3E2D0081DA77 /* AntDesign.ttf */ = {isa = PBXFileReference; lastKnownFileType = file; path = AntDesign.ttf; sourceTree = "<group>"; };
		A938460E2A5B3E350081DA77 /* Octicons.ttf */ = {isa = PBXFileReference; lastKnownFileType = file; path = Octicons.ttf; sourceTree = "<group>"; };
		A938460F2A5B3E350081DA77 /* FontAwesome5_Regular.ttf */ = {isa = PBXFileReference; lastKnownFileType = file; path = FontAwesome5_Regular.ttf; sourceTree = "<group>"; };
		A93846102A5B3E350081DA77 /* FontAwesome5_Solid.ttf */ = {isa = PBXFileReference; lastKnownFileType = file; path = FontAwesome5_Solid.ttf; sourceTree = "<group>"; };
		A93846112A5B3E350081DA77 /* SimpleLineIcons.ttf */ = {isa = PBXFileReference; lastKnownFileType = file; path = SimpleLineIcons.ttf; sourceTree = "<group>"; };
		A93846122A5B3E350081DA77 /* Feather.ttf */ = {isa = PBXFileReference; lastKnownFileType = file; path = Feather.ttf; sourceTree = "<group>"; };
		A93846132A5B3E350081DA77 /* MaterialIcons.ttf */ = {isa = PBXFileReference; lastKnownFileType = file; path = MaterialIcons.ttf; sourceTree = "<group>"; };
		A93846142A5B3E350081DA77 /* FontAwesome5_Brands.ttf */ = {isa = PBXFileReference; lastKnownFileType = file; path = FontAwesome5_Brands.ttf; sourceTree = "<group>"; };
		A93846152A5B3E350081DA77 /* EvilIcons.ttf */ = {isa = PBXFileReference; lastKnownFileType = file; path = EvilIcons.ttf; sourceTree = "<group>"; };
		A93846162A5B3E350081DA77 /* MaterialCommunityIcons.ttf */ = {isa = PBXFileReference; lastKnownFileType = file; path = MaterialCommunityIcons.ttf; sourceTree = "<group>"; };
		A93846172A5B3E350081DA77 /* Entypo.ttf */ = {isa = PBXFileReference; lastKnownFileType = file; path = Entypo.ttf; sourceTree = "<group>"; };
		A93846182A5B3E350081DA77 /* Fontisto.ttf */ = {isa = PBXFileReference; lastKnownFileType = file; path = Fontisto.ttf; sourceTree = "<group>"; };
		A93846192A5B3E360081DA77 /* FontAwesome.ttf */ = {isa = PBXFileReference; lastKnownFileType = file; path = FontAwesome.ttf; sourceTree = "<group>"; };
		A938461A2A5B3E360081DA77 /* Ionicons.ttf */ = {isa = PBXFileReference; lastKnownFileType = file; path = Ionicons.ttf; sourceTree = "<group>"; };
		A938461B2A5B3E360081DA77 /* Zocial.ttf */ = {isa = PBXFileReference; lastKnownFileType = file; path = Zocial.ttf; sourceTree = "<group>"; };
		A938461C2A5B3E3B0081DA77 /* Foundation.ttf */ = {isa = PBXFileReference; lastKnownFileType = file; path = Foundation.ttf; sourceTree = "<group>"; };
		A9A5C6D92A5B4B9B00F2E15A /* Ionicons.ttf */ = {isa = PBXFileReference; lastKnownFileType = file; name = Ionicons.ttf; path = Fonts/Ionicons.ttf; sourceTree = "<group>"; };
		A9A5C6DA2A5B4B9B00F2E15A /* EvilIcons.ttf */ = {isa = PBXFileReference; lastKnownFileType = file; name = EvilIcons.ttf; path = Fonts/EvilIcons.ttf; sourceTree = "<group>"; };
		A9A5C6DB2A5B4B9B00F2E15A /* AntDesign.ttf */ = {isa = PBXFileReference; lastKnownFileType = file; name = AntDesign.ttf; path = Fonts/AntDesign.ttf; sourceTree = "<group>"; };
		A9A5C6DC2A5B4B9B00F2E15A /* Foundation.ttf */ = {isa = PBXFileReference; lastKnownFileType = file; name = Foundation.ttf; path = Fonts/Foundation.ttf; sourceTree = "<group>"; };
		A9A5C6DD2A5B4B9B00F2E15A /* FontAwesome5_Brands.ttf */ = {isa = PBXFileReference; lastKnownFileType = file; name = FontAwesome5_Brands.ttf; path = Fonts/FontAwesome5_Brands.ttf; sourceTree = "<group>"; };
		A9A5C6DE2A5B4B9B00F2E15A /* FontAwesome5_Solid.ttf */ = {isa = PBXFileReference; lastKnownFileType = file; name = FontAwesome5_Solid.ttf; path = Fonts/FontAwesome5_Solid.ttf; sourceTree = "<group>"; };
		A9A5C6DF2A5B4B9B00F2E15A /* FontAwesome.ttf */ = {isa = PBXFileReference; lastKnownFileType = file; name = FontAwesome.ttf; path = Fonts/FontAwesome.ttf; sourceTree = "<group>"; };
		A9A5C6E02A5B4B9B00F2E15A /* Octicons.ttf */ = {isa = PBXFileReference; lastKnownFileType = file; name = Octicons.ttf; path = Fonts/Octicons.ttf; sourceTree = "<group>"; };
		A9A5C6E12A5B4B9B00F2E15A /* FontAwesome5_Regular.ttf */ = {isa = PBXFileReference; lastKnownFileType = file; name = FontAwesome5_Regular.ttf; path = Fonts/FontAwesome5_Regular.ttf; sourceTree = "<group>"; };
		A9A5C6E22A5B4B9B00F2E15A /* Fontisto.ttf */ = {isa = PBXFileReference; lastKnownFileType = file; name = Fontisto.ttf; path = Fonts/Fontisto.ttf; sourceTree = "<group>"; };
		A9A5C6E32A5B4B9B00F2E15A /* MaterialIcons.ttf */ = {isa = PBXFileReference; lastKnownFileType = file; name = MaterialIcons.ttf; path = Fonts/MaterialIcons.ttf; sourceTree = "<group>"; };
		A9A5C6E42A5B4B9B00F2E15A /* Entypo.ttf */ = {isa = PBXFileReference; lastKnownFileType = file; name = Entypo.ttf; path = Fonts/Entypo.ttf; sourceTree = "<group>"; };
		A9A5C6E52A5B4B9B00F2E15A /* MaterialCommunityIcons.ttf */ = {isa = PBXFileReference; lastKnownFileType = file; name = MaterialCommunityIcons.ttf; path = Fonts/MaterialCommunityIcons.ttf; sourceTree = "<group>"; };
		A9A5C6E62A5B4B9B00F2E15A /* Feather.ttf */ = {isa = PBXFileReference; lastKnownFileType = file; name = Feather.ttf; path = Fonts/Feather.ttf; sourceTree = "<group>"; };
		A9E890292AA99E8A006ACA01 /* ReactNativeProgramm-dev.app */ = {isa = PBXFileReference; explicitFileType = wrapper.application; includeInIndex = 0; path = "ReactNativeProgramm-dev.app"; sourceTree = BUILT_PRODUCTS_DIR; };
		A9E8902A2AA99E8A006ACA01 /* ReactNativeProgramm dev-Info.plist */ = {isa = PBXFileReference; lastKnownFileType = text.plist.xml; name = "ReactNativeProgramm dev-Info.plist"; path = "/Users/Aliaksandr_Hvozdzeu/Documents/ReactNativeProgramm/ios/ReactNativeProgramm dev-Info.plist"; sourceTree = "<absolute>"; };
		A9E8903E2AA99F07006ACA01 /* ReactNativeProgramm-qa.app */ = {isa = PBXFileReference; explicitFileType = wrapper.application; includeInIndex = 0; path = "ReactNativeProgramm-qa.app"; sourceTree = BUILT_PRODUCTS_DIR; };
		A9E8903F2AA99F07006ACA01 /* ReactNativeProgramm qa-Info.plist */ = {isa = PBXFileReference; lastKnownFileType = text.plist.xml; name = "ReactNativeProgramm qa-Info.plist"; path = "/Users/Aliaksandr_Hvozdzeu/Documents/ReactNativeProgramm/ios/ReactNativeProgramm qa-Info.plist"; sourceTree = "<absolute>"; };
		A9E890532AA99F1C006ACA01 /* ReactNativeProgramm-prod.app */ = {isa = PBXFileReference; explicitFileType = wrapper.application; includeInIndex = 0; path = "ReactNativeProgramm-prod.app"; sourceTree = BUILT_PRODUCTS_DIR; };
		A9E890542AA99F1C006ACA01 /* ReactNativeProgramm prod-Info.plist */ = {isa = PBXFileReference; lastKnownFileType = text.plist.xml; name = "ReactNativeProgramm prod-Info.plist"; path = "/Users/Aliaksandr_Hvozdzeu/Documents/ReactNativeProgramm/ios/ReactNativeProgramm prod-Info.plist"; sourceTree = "<absolute>"; };
		B5F2417B996E82BBE82E40B7 /* Pods-ReactNativeProgramm-ReactNativeProgramm-prod.debug.xcconfig */ = {isa = PBXFileReference; includeInIndex = 1; lastKnownFileType = text.xcconfig; name = "Pods-ReactNativeProgramm-ReactNativeProgramm-prod.debug.xcconfig"; path = "Target Support Files/Pods-ReactNativeProgramm-ReactNativeProgramm-prod/Pods-ReactNativeProgramm-ReactNativeProgramm-prod.debug.xcconfig"; sourceTree = "<group>"; };
		CA6B910A021377A4BC6B060F /* Pods-ReactNativeProgramm-ReactNativeProgramm-prod.release.xcconfig */ = {isa = PBXFileReference; includeInIndex = 1; lastKnownFileType = text.xcconfig; name = "Pods-ReactNativeProgramm-ReactNativeProgramm-prod.release.xcconfig"; path = "Target Support Files/Pods-ReactNativeProgramm-ReactNativeProgramm-prod/Pods-ReactNativeProgramm-ReactNativeProgramm-prod.release.xcconfig"; sourceTree = "<group>"; };
		D8EE64953E310535129933FE /* ExpoModulesProvider.swift */ = {isa = PBXFileReference; includeInIndex = 1; lastKnownFileType = sourcecode.swift; name = ExpoModulesProvider.swift; path = "Pods/Target Support Files/Pods-ReactNativeProgramm-ReactNativeProgrammTests/ExpoModulesProvider.swift"; sourceTree = "<group>"; };
		E9BF3E5D91A7A3BB2CCC4632 /* Pods-ReactNativeProgramm-ReactNativeProgramm-dev.release.xcconfig */ = {isa = PBXFileReference; includeInIndex = 1; lastKnownFileType = text.xcconfig; name = "Pods-ReactNativeProgramm-ReactNativeProgramm-dev.release.xcconfig"; path = "Target Support Files/Pods-ReactNativeProgramm-ReactNativeProgramm-dev/Pods-ReactNativeProgramm-ReactNativeProgramm-dev.release.xcconfig"; sourceTree = "<group>"; };
		ED297162215061F000B7C4FE /* JavaScriptCore.framework */ = {isa = PBXFileReference; lastKnownFileType = wrapper.framework; name = JavaScriptCore.framework; path = System/Library/Frameworks/JavaScriptCore.framework; sourceTree = SDKROOT; };
		F3280559040123EFBFC725A0 /* Pods-ReactNativeProgramm-ReactNativeProgramm-qa.release.xcconfig */ = {isa = PBXFileReference; includeInIndex = 1; lastKnownFileType = text.xcconfig; name = "Pods-ReactNativeProgramm-ReactNativeProgramm-qa.release.xcconfig"; path = "Target Support Files/Pods-ReactNativeProgramm-ReactNativeProgramm-qa/Pods-ReactNativeProgramm-ReactNativeProgramm-qa.release.xcconfig"; sourceTree = "<group>"; };
		F66C8AFB743E30F745A1F4F3 /* Pods-ReactNativeProgramm-ReactNativeProgramm-dev.debug.xcconfig */ = {isa = PBXFileReference; includeInIndex = 1; lastKnownFileType = text.xcconfig; name = "Pods-ReactNativeProgramm-ReactNativeProgramm-dev.debug.xcconfig"; path = "Target Support Files/Pods-ReactNativeProgramm-ReactNativeProgramm-dev/Pods-ReactNativeProgramm-ReactNativeProgramm-dev.debug.xcconfig"; sourceTree = "<group>"; };
/* End PBXFileReference section */

/* Begin PBXFrameworksBuildPhase section */
		13B07F8C1A680F5B00A75B9A /* Frameworks */ = {
			isa = PBXFrameworksBuildPhase;
			buildActionMask = 2147483647;
			files = (
				0C80B921A6F3F58F76C31292 /* (null) in Frameworks */,
			);
			runOnlyForDeploymentPostprocessing = 0;
		};
		A9E8901E2AA99E8A006ACA01 /* Frameworks */ = {
			isa = PBXFrameworksBuildPhase;
			buildActionMask = 2147483647;
			files = (
				20AFDFDE4B4A920C9B642768 /* libPods-ReactNativeProgramm-ReactNativeProgramm-dev.a in Frameworks */,
			);
			runOnlyForDeploymentPostprocessing = 0;
		};
		A9E890332AA99F07006ACA01 /* Frameworks */ = {
			isa = PBXFrameworksBuildPhase;
			buildActionMask = 2147483647;
			files = (
				73D38DAC3127C285D63B0BF9 /* libPods-ReactNativeProgramm-ReactNativeProgramm-qa.a in Frameworks */,
			);
			runOnlyForDeploymentPostprocessing = 0;
		};
		A9E890482AA99F1C006ACA01 /* Frameworks */ = {
			isa = PBXFrameworksBuildPhase;
			buildActionMask = 2147483647;
			files = (
				BCD07560C628EF11CAA5CDFB /* libPods-ReactNativeProgramm-ReactNativeProgramm-prod.a in Frameworks */,
			);
			runOnlyForDeploymentPostprocessing = 0;
		};
/* End PBXFrameworksBuildPhase section */

/* Begin PBXGroup section */
		00E356EF1AD99517003FC87E /* ReactNativeProgrammTests */ = {
			isa = PBXGroup;
			children = (
				00E356F21AD99517003FC87E /* ReactNativeProgrammTests.m */,
				00E356F01AD99517003FC87E /* Supporting Files */,
			);
			path = ReactNativeProgrammTests;
			sourceTree = "<group>";
		};
		00E356F01AD99517003FC87E /* Supporting Files */ = {
			isa = PBXGroup;
			children = (
				00E356F11AD99517003FC87E /* Info.plist */,
			);
			name = "Supporting Files";
			sourceTree = "<group>";
		};
		13B07FAE1A68108700A75B9A /* ReactNativeProgramm */ = {
			isa = PBXGroup;
			children = (
				A938460C2A5B3DA30081DA77 /* Fonts */,
				13B07FAF1A68108700A75B9A /* AppDelegate.h */,
				13B07FB01A68108700A75B9A /* AppDelegate.mm */,
				13B07FB51A68108700A75B9A /* Images.xcassets */,
				13B07FB61A68108700A75B9A /* Info.plist */,
				81AB9BB72411601600AC10FF /* LaunchScreen.storyboard */,
				13B07FB71A68108700A75B9A /* main.m */,
			);
			name = ReactNativeProgramm;
			sourceTree = "<group>";
		};
		2871BE0B62118415CD9C4575 /* ExpoModulesProviders */ = {
			isa = PBXGroup;
			children = (
				58F68C52C72E124D497D11B5 /* ReactNativeProgramm */,
				4E141A4579B9250CB8538823 /* ReactNativeProgrammTests */,
				38A462DACABCECCE442CC080 /* ReactNativeProgramm-dev */,
				5312E9B1A1FB3657D7C55B36 /* ReactNativeProgramm-prod */,
				559F3E7191D2E51A5E8B698C /* ReactNativeProgramm-qa */,
			);
			name = ExpoModulesProviders;
			sourceTree = "<group>";
		};
		2D16E6871FA4F8E400B85C8A /* Frameworks */ = {
			isa = PBXGroup;
			children = (
				ED297162215061F000B7C4FE /* JavaScriptCore.framework */,
				19F6CBCC0A4E27FBF8BF4A61 /* libPods-ReactNativeProgramm-ReactNativeProgrammTests.a */,
				702710324C06250F43529EBB /* libPods-ReactNativeProgramm-ReactNativeProgramm-dev.a */,
				2241098F757583A4252FEAFD /* libPods-ReactNativeProgramm-ReactNativeProgramm-prod.a */,
				5719A6DEBEECCDE3A8BBF8F3 /* libPods-ReactNativeProgramm-ReactNativeProgramm-qa.a */,
			);
			name = Frameworks;
			sourceTree = "<group>";
		};
		38A462DACABCECCE442CC080 /* ReactNativeProgramm-dev */ = {
			isa = PBXGroup;
			children = (
				36D1218A7C414248099EF648 /* ExpoModulesProvider.swift */,
			);
			name = "ReactNativeProgramm-dev";
			sourceTree = "<group>";
		};
		4E141A4579B9250CB8538823 /* ReactNativeProgrammTests */ = {
			isa = PBXGroup;
			children = (
				D8EE64953E310535129933FE /* ExpoModulesProvider.swift */,
			);
			name = ReactNativeProgrammTests;
			sourceTree = "<group>";
		};
		5312E9B1A1FB3657D7C55B36 /* ReactNativeProgramm-prod */ = {
			isa = PBXGroup;
			children = (
				8892D87511ACD12C92AA9C14 /* ExpoModulesProvider.swift */,
			);
			name = "ReactNativeProgramm-prod";
			sourceTree = "<group>";
		};
		559F3E7191D2E51A5E8B698C /* ReactNativeProgramm-qa */ = {
			isa = PBXGroup;
			children = (
				7925D2D1ABD27EDD822BF64C /* ExpoModulesProvider.swift */,
			);
			name = "ReactNativeProgramm-qa";
			sourceTree = "<group>";
		};
		58F68C52C72E124D497D11B5 /* ReactNativeProgramm */ = {
			isa = PBXGroup;
			children = (
				1EA682DED77C96FB19F1DE6D /* ExpoModulesProvider.swift */,
			);
			name = ReactNativeProgramm;
			sourceTree = "<group>";
		};
		832341AE1AAA6A7D00B99B32 /* Libraries */ = {
			isa = PBXGroup;
			children = (
			);
			name = Libraries;
			sourceTree = "<group>";
		};
		83CBB9F61A601CBA00E9B192 = {
			isa = PBXGroup;
			children = (
				13B07FAE1A68108700A75B9A /* ReactNativeProgramm */,
				832341AE1AAA6A7D00B99B32 /* Libraries */,
				00E356EF1AD99517003FC87E /* ReactNativeProgrammTests */,
				83CBBA001A601CBA00E9B192 /* Products */,
				2D16E6871FA4F8E400B85C8A /* Frameworks */,
				BBD78D7AC51CEA395F1C20DB /* Pods */,
				2871BE0B62118415CD9C4575 /* ExpoModulesProviders */,
				A9E8902A2AA99E8A006ACA01 /* ReactNativeProgramm dev-Info.plist */,
				A9E8903F2AA99F07006ACA01 /* ReactNativeProgramm qa-Info.plist */,
				A9E890542AA99F1C006ACA01 /* ReactNativeProgramm prod-Info.plist */,
			);
			indentWidth = 2;
			sourceTree = "<group>";
			tabWidth = 2;
			usesTabs = 0;
		};
		83CBBA001A601CBA00E9B192 /* Products */ = {
			isa = PBXGroup;
			children = (
				13B07F961A680F5B00A75B9A /* ReactNativeProgramm.app */,
				A9E890292AA99E8A006ACA01 /* ReactNativeProgramm-dev.app */,
				A9E8903E2AA99F07006ACA01 /* ReactNativeProgramm-qa.app */,
				A9E890532AA99F1C006ACA01 /* ReactNativeProgramm-prod.app */,
			);
			name = Products;
			sourceTree = "<group>";
		};
		A938460C2A5B3DA30081DA77 /* Fonts */ = {
			isa = PBXGroup;
			children = (
				A9A5C6E62A5B4B9B00F2E15A /* Feather.ttf */,
				A9A5C6DF2A5B4B9B00F2E15A /* FontAwesome.ttf */,
				A9A5C6DD2A5B4B9B00F2E15A /* FontAwesome5_Brands.ttf */,
				A9A5C6E12A5B4B9B00F2E15A /* FontAwesome5_Regular.ttf */,
				A9A5C6DE2A5B4B9B00F2E15A /* FontAwesome5_Solid.ttf */,
				A9A5C6E22A5B4B9B00F2E15A /* Fontisto.ttf */,
				A938461C2A5B3E3B0081DA77 /* Foundation.ttf */,
				A93846172A5B3E350081DA77 /* Entypo.ttf */,
				A9A5C6DB2A5B4B9B00F2E15A /* AntDesign.ttf */,
				A9A5C6E42A5B4B9B00F2E15A /* Entypo.ttf */,
				A93846152A5B3E350081DA77 /* EvilIcons.ttf */,
				A93846122A5B3E350081DA77 /* Feather.ttf */,
				A93846192A5B3E360081DA77 /* FontAwesome.ttf */,
				A93846142A5B3E350081DA77 /* FontAwesome5_Brands.ttf */,
				A938460F2A5B3E350081DA77 /* FontAwesome5_Regular.ttf */,
				A93846102A5B3E350081DA77 /* FontAwesome5_Solid.ttf */,
				A93846182A5B3E350081DA77 /* Fontisto.ttf */,
				A9A5C6DA2A5B4B9B00F2E15A /* EvilIcons.ttf */,
				A9A5C6DC2A5B4B9B00F2E15A /* Foundation.ttf */,
				A938461A2A5B3E360081DA77 /* Ionicons.ttf */,
				A93846162A5B3E350081DA77 /* MaterialCommunityIcons.ttf */,
				A9A5C6E52A5B4B9B00F2E15A /* MaterialCommunityIcons.ttf */,
				A93846132A5B3E350081DA77 /* MaterialIcons.ttf */,
				A9A5C6E32A5B4B9B00F2E15A /* MaterialIcons.ttf */,
				A938460E2A5B3E350081DA77 /* Octicons.ttf */,
				A9A5C6D92A5B4B9B00F2E15A /* Ionicons.ttf */,
				A9A5C6E02A5B4B9B00F2E15A /* Octicons.ttf */,
				A93846112A5B3E350081DA77 /* SimpleLineIcons.ttf */,
				A938461B2A5B3E360081DA77 /* Zocial.ttf */,
				A938460D2A5B3E2D0081DA77 /* AntDesign.ttf */,
			);
			name = Fonts;
			sourceTree = "<group>";
		};
		BBD78D7AC51CEA395F1C20DB /* Pods */ = {
			isa = PBXGroup;
			children = (
				3B4392A12AC88292D35C810B /* Pods-ReactNativeProgramm.debug.xcconfig */,
				5709B34CF0A7D63546082F79 /* Pods-ReactNativeProgramm.release.xcconfig */,
				5B7EB9410499542E8C5724F5 /* Pods-ReactNativeProgramm-ReactNativeProgrammTests.debug.xcconfig */,
				89C6BE57DB24E9ADA2F236DE /* Pods-ReactNativeProgramm-ReactNativeProgrammTests.release.xcconfig */,
				F66C8AFB743E30F745A1F4F3 /* Pods-ReactNativeProgramm-ReactNativeProgramm-dev.debug.xcconfig */,
				E9BF3E5D91A7A3BB2CCC4632 /* Pods-ReactNativeProgramm-ReactNativeProgramm-dev.release.xcconfig */,
				B5F2417B996E82BBE82E40B7 /* Pods-ReactNativeProgramm-ReactNativeProgramm-prod.debug.xcconfig */,
				CA6B910A021377A4BC6B060F /* Pods-ReactNativeProgramm-ReactNativeProgramm-prod.release.xcconfig */,
				68FFB95543C2AE6839EDD1D5 /* Pods-ReactNativeProgramm-ReactNativeProgramm-qa.debug.xcconfig */,
				F3280559040123EFBFC725A0 /* Pods-ReactNativeProgramm-ReactNativeProgramm-qa.release.xcconfig */,
			);
			path = Pods;
			sourceTree = "<group>";
		};
/* End PBXGroup section */

/* Begin PBXNativeTarget section */
		13B07F861A680F5B00A75B9A /* ReactNativeProgramm */ = {
			isa = PBXNativeTarget;
			buildConfigurationList = 13B07F931A680F5B00A75B9A /* Build configuration list for PBXNativeTarget "ReactNativeProgramm" */;
			buildPhases = (
				C38B50BA6285516D6DCD4F65 /* [CP] Check Pods Manifest.lock */,
				FD10A7F022414F080027D42C /* Start Packager */,
				316A1DEDFD0802F224E74B9F /* [Expo] Configure project */,
				13B07F871A680F5B00A75B9A /* Sources */,
				13B07F8C1A680F5B00A75B9A /* Frameworks */,
				13B07F8E1A680F5B00A75B9A /* Resources */,
				00DD1BFF1BD5951E006B06BC /* Bundle React Native code and images */,
				00EEFC60759A1932668264C0 /* [CP] Embed Pods Frameworks */,
				E235C05ADACE081382539298 /* [CP] Copy Pods Resources */,
			);
			buildRules = (
			);
			dependencies = (
			);
			name = ReactNativeProgramm;
			productName = ReactNativeProgramm;
			productReference = 13B07F961A680F5B00A75B9A /* ReactNativeProgramm.app */;
			productType = "com.apple.product-type.application";
		};
		A9E890162AA99E8A006ACA01 /* ReactNativeProgramm-dev */ = {
			isa = PBXNativeTarget;
			buildConfigurationList = A9E890262AA99E8A006ACA01 /* Build configuration list for PBXNativeTarget "ReactNativeProgramm-dev" */;
			buildPhases = (
				A9E890172AA99E8A006ACA01 /* [CP] Check Pods Manifest.lock */,
				A9E890182AA99E8A006ACA01 /* Start Packager */,
				A9E890192AA99E8A006ACA01 /* [Expo] Configure project */,
				A9E8901A2AA99E8A006ACA01 /* Sources */,
				A9E8901E2AA99E8A006ACA01 /* Frameworks */,
				A9E890202AA99E8A006ACA01 /* Resources */,
				A9E890232AA99E8A006ACA01 /* Bundle React Native code and images */,
				A9E890242AA99E8A006ACA01 /* [CP] Embed Pods Frameworks */,
				A9E890252AA99E8A006ACA01 /* [CP] Copy Pods Resources */,
			);
			buildRules = (
			);
			dependencies = (
			);
			name = "ReactNativeProgramm-dev";
			productName = ReactNativeProgramm;
			productReference = A9E890292AA99E8A006ACA01 /* ReactNativeProgramm-dev.app */;
			productType = "com.apple.product-type.application";
		};
		A9E8902B2AA99F07006ACA01 /* ReactNativeProgramm-qa */ = {
			isa = PBXNativeTarget;
			buildConfigurationList = A9E8903B2AA99F07006ACA01 /* Build configuration list for PBXNativeTarget "ReactNativeProgramm-qa" */;
			buildPhases = (
				A9E8902C2AA99F07006ACA01 /* [CP] Check Pods Manifest.lock */,
				A9E8902D2AA99F07006ACA01 /* Start Packager */,
				A9E8902E2AA99F07006ACA01 /* [Expo] Configure project */,
				A9E8902F2AA99F07006ACA01 /* Sources */,
				A9E890332AA99F07006ACA01 /* Frameworks */,
				A9E890352AA99F07006ACA01 /* Resources */,
				A9E890382AA99F07006ACA01 /* Bundle React Native code and images */,
				A9E890392AA99F07006ACA01 /* [CP] Embed Pods Frameworks */,
				A9E8903A2AA99F07006ACA01 /* [CP] Copy Pods Resources */,
			);
			buildRules = (
			);
			dependencies = (
			);
			name = "ReactNativeProgramm-qa";
			productName = ReactNativeProgramm;
			productReference = A9E8903E2AA99F07006ACA01 /* ReactNativeProgramm-qa.app */;
			productType = "com.apple.product-type.application";
		};
		A9E890402AA99F1C006ACA01 /* ReactNativeProgramm-prod */ = {
			isa = PBXNativeTarget;
			buildConfigurationList = A9E890502AA99F1C006ACA01 /* Build configuration list for PBXNativeTarget "ReactNativeProgramm-prod" */;
			buildPhases = (
				A9E890412AA99F1C006ACA01 /* [CP] Check Pods Manifest.lock */,
				A9E890422AA99F1C006ACA01 /* Start Packager */,
				A9E890432AA99F1C006ACA01 /* [Expo] Configure project */,
				A9E890442AA99F1C006ACA01 /* Sources */,
				A9E890482AA99F1C006ACA01 /* Frameworks */,
				A9E8904A2AA99F1C006ACA01 /* Resources */,
				A9E8904D2AA99F1C006ACA01 /* Bundle React Native code and images */,
				A9E8904E2AA99F1C006ACA01 /* [CP] Embed Pods Frameworks */,
				A9E8904F2AA99F1C006ACA01 /* [CP] Copy Pods Resources */,
			);
			buildRules = (
			);
			dependencies = (
			);
			name = "ReactNativeProgramm-prod";
			productName = ReactNativeProgramm;
			productReference = A9E890532AA99F1C006ACA01 /* ReactNativeProgramm-prod.app */;
			productType = "com.apple.product-type.application";
		};
/* End PBXNativeTarget section */

/* Begin PBXProject section */
		83CBB9F71A601CBA00E9B192 /* Project object */ = {
			isa = PBXProject;
			attributes = {
				LastUpgradeCheck = 1210;
				TargetAttributes = {
					13B07F861A680F5B00A75B9A = {
						LastSwiftMigration = 1120;
					};
				};
			};
			buildConfigurationList = 83CBB9FA1A601CBA00E9B192 /* Build configuration list for PBXProject "ReactNativeProgramm" */;
			compatibilityVersion = "Xcode 12.0";
			developmentRegion = en;
			hasScannedForEncodings = 0;
			knownRegions = (
				en,
				Base,
			);
			mainGroup = 83CBB9F61A601CBA00E9B192;
			productRefGroup = 83CBBA001A601CBA00E9B192 /* Products */;
			projectDirPath = "";
			projectRoot = "";
			targets = (
				13B07F861A680F5B00A75B9A /* ReactNativeProgramm */,
				A9E890162AA99E8A006ACA01 /* ReactNativeProgramm-dev */,
				A9E8902B2AA99F07006ACA01 /* ReactNativeProgramm-qa */,
				A9E890402AA99F1C006ACA01 /* ReactNativeProgramm-prod */,
			);
		};
/* End PBXProject section */

/* Begin PBXResourcesBuildPhase section */
		13B07F8E1A680F5B00A75B9A /* Resources */ = {
			isa = PBXResourcesBuildPhase;
			buildActionMask = 2147483647;
			files = (
				81AB9BB82411601600AC10FF /* LaunchScreen.storyboard in Resources */,
				13B07FBF1A68108700A75B9A /* Images.xcassets in Resources */,
			);
			runOnlyForDeploymentPostprocessing = 0;
		};
		A9E890202AA99E8A006ACA01 /* Resources */ = {
			isa = PBXResourcesBuildPhase;
			buildActionMask = 2147483647;
			files = (
				A9E890212AA99E8A006ACA01 /* LaunchScreen.storyboard in Resources */,
				A9E890222AA99E8A006ACA01 /* Images.xcassets in Resources */,
			);
			runOnlyForDeploymentPostprocessing = 0;
		};
		A9E890352AA99F07006ACA01 /* Resources */ = {
			isa = PBXResourcesBuildPhase;
			buildActionMask = 2147483647;
			files = (
				A9E890362AA99F07006ACA01 /* LaunchScreen.storyboard in Resources */,
				A9E890372AA99F07006ACA01 /* Images.xcassets in Resources */,
			);
			runOnlyForDeploymentPostprocessing = 0;
		};
		A9E8904A2AA99F1C006ACA01 /* Resources */ = {
			isa = PBXResourcesBuildPhase;
			buildActionMask = 2147483647;
			files = (
				A9E8904B2AA99F1C006ACA01 /* LaunchScreen.storyboard in Resources */,
				A9E8904C2AA99F1C006ACA01 /* Images.xcassets in Resources */,
			);
			runOnlyForDeploymentPostprocessing = 0;
		};
/* End PBXResourcesBuildPhase section */

/* Begin PBXShellScriptBuildPhase section */
		00DD1BFF1BD5951E006B06BC /* Bundle React Native code and images */ = {
			isa = PBXShellScriptBuildPhase;
			buildActionMask = 2147483647;
			files = (
			);
			inputPaths = (
				"$(SRCROOT)/.xcode.env.local",
				"$(SRCROOT)/.xcode.env",
			);
			name = "Bundle React Native code and images";
			outputPaths = (
			);
			runOnlyForDeploymentPostprocessing = 0;
			shellPath = /bin/sh;
			shellScript = "set -e\n\nWITH_ENVIRONMENT=\"../node_modules/react-native/scripts/xcode/with-environment.sh\"\nREACT_NATIVE_XCODE=\"../node_modules/react-native/scripts/react-native-xcode.sh\"\n\n/bin/sh -c \"$WITH_ENVIRONMENT $REACT_NATIVE_XCODE\"\n";
		};
		00EEFC60759A1932668264C0 /* [CP] Embed Pods Frameworks */ = {
			isa = PBXShellScriptBuildPhase;
			buildActionMask = 2147483647;
			files = (
			);
			inputFileListPaths = (
				"${PODS_ROOT}/Target Support Files/Pods-ReactNativeProgramm/Pods-ReactNativeProgramm-frameworks-${CONFIGURATION}-input-files.xcfilelist",
			);
			name = "[CP] Embed Pods Frameworks";
			outputFileListPaths = (
				"${PODS_ROOT}/Target Support Files/Pods-ReactNativeProgramm/Pods-ReactNativeProgramm-frameworks-${CONFIGURATION}-output-files.xcfilelist",
			);
			runOnlyForDeploymentPostprocessing = 0;
			shellPath = /bin/sh;
			shellScript = "\"${PODS_ROOT}/Target Support Files/Pods-ReactNativeProgramm/Pods-ReactNativeProgramm-frameworks.sh\"\n";
			showEnvVarsInLog = 0;
		};
		316A1DEDFD0802F224E74B9F /* [Expo] Configure project */ = {
			isa = PBXShellScriptBuildPhase;
			alwaysOutOfDate = 1;
			buildActionMask = 2147483647;
			files = (
			);
			inputFileListPaths = (
			);
			inputPaths = (
			);
			name = "[Expo] Configure project";
			outputFileListPaths = (
			);
			outputPaths = (
			);
			runOnlyForDeploymentPostprocessing = 0;
			shellPath = /bin/sh;
			shellScript = "# This script configures Expo modules and generates the modules provider file.\nbash -l -c \"./Pods/Target\\ Support\\ Files/Pods-ReactNativeProgramm/expo-configure-project.sh\"\n";
		};
		A9E890172AA99E8A006ACA01 /* [CP] Check Pods Manifest.lock */ = {
			isa = PBXShellScriptBuildPhase;
			buildActionMask = 2147483647;
			files = (
			);
			inputFileListPaths = (
			);
			inputPaths = (
				"${PODS_PODFILE_DIR_PATH}/Podfile.lock",
				"${PODS_ROOT}/Manifest.lock",
			);
			name = "[CP] Check Pods Manifest.lock";
			outputFileListPaths = (
			);
			outputPaths = (
				"$(DERIVED_FILE_DIR)/Pods-ReactNativeProgramm-ReactNativeProgramm-dev-checkManifestLockResult.txt",
			);
			runOnlyForDeploymentPostprocessing = 0;
			shellPath = /bin/sh;
			shellScript = "diff \"${PODS_PODFILE_DIR_PATH}/Podfile.lock\" \"${PODS_ROOT}/Manifest.lock\" > /dev/null\nif [ $? != 0 ] ; then\n    # print error to STDERR\n    echo \"error: The sandbox is not in sync with the Podfile.lock. Run 'pod install' or update your CocoaPods installation.\" >&2\n    exit 1\nfi\n# This output is used by Xcode 'outputs' to avoid re-running this script phase.\necho \"SUCCESS\" > \"${SCRIPT_OUTPUT_FILE_0}\"\n";
			showEnvVarsInLog = 0;
		};
		A9E890182AA99E8A006ACA01 /* Start Packager */ = {
			isa = PBXShellScriptBuildPhase;
			buildActionMask = 2147483647;
			files = (
			);
			inputFileListPaths = (
			);
			inputPaths = (
			);
			name = "Start Packager";
			outputFileListPaths = (
			);
			outputPaths = (
			);
			runOnlyForDeploymentPostprocessing = 0;
			shellPath = /bin/sh;
			shellScript = "export RCT_METRO_PORT=\"${RCT_METRO_PORT:=8081}\"\necho \"export RCT_METRO_PORT=${RCT_METRO_PORT}\" > \"${SRCROOT}/../node_modules/react-native/scripts/.packager.env\"\nif [ -z \"${RCT_NO_LAUNCH_PACKAGER+xxx}\" ] ; then\n  if nc -w 5 -z localhost ${RCT_METRO_PORT} ; then\n    if ! curl -s \"http://localhost:${RCT_METRO_PORT}/status\" | grep -q \"packager-status:running\" ; then\n      echo \"Port ${RCT_METRO_PORT} already in use, packager is either not running or not running correctly\"\n      exit 2\n    fi\n  else\n    open \"$SRCROOT/../node_modules/react-native/scripts/launchPackager.command\" || echo \"Can't start packager automatically\"\n  fi\nfi\n";
			showEnvVarsInLog = 0;
		};
		A9E890192AA99E8A006ACA01 /* [Expo] Configure project */ = {
			isa = PBXShellScriptBuildPhase;
			alwaysOutOfDate = 1;
			buildActionMask = 2147483647;
			files = (
			);
			inputFileListPaths = (
			);
			inputPaths = (
			);
			name = "[Expo] Configure project";
			outputFileListPaths = (
			);
			outputPaths = (
			);
			runOnlyForDeploymentPostprocessing = 0;
			shellPath = /bin/sh;
			shellScript = "# This script configures Expo modules and generates the modules provider file.\nbash -l -c \"./Pods/Target\\ Support\\ Files/Pods-ReactNativeProgramm/expo-configure-project.sh\"\n";
		};
		A9E890232AA99E8A006ACA01 /* Bundle React Native code and images */ = {
			isa = PBXShellScriptBuildPhase;
			buildActionMask = 2147483647;
			files = (
			);
			inputPaths = (
				"$(SRCROOT)/.xcode.env.local",
				"$(SRCROOT)/.xcode.env",
			);
			name = "Bundle React Native code and images";
			outputPaths = (
			);
			runOnlyForDeploymentPostprocessing = 0;
			shellPath = /bin/sh;
			shellScript = "set -e\n\nWITH_ENVIRONMENT=\"../node_modules/react-native/scripts/xcode/with-environment.sh\"\nREACT_NATIVE_XCODE=\"../node_modules/react-native/scripts/react-native-xcode.sh\"\n\n/bin/sh -c \"$WITH_ENVIRONMENT $REACT_NATIVE_XCODE\"\n";
		};
		A9E890242AA99E8A006ACA01 /* [CP] Embed Pods Frameworks */ = {
			isa = PBXShellScriptBuildPhase;
			buildActionMask = 2147483647;
			files = (
			);
			inputFileListPaths = (
				"${PODS_ROOT}/Target Support Files/Pods-ReactNativeProgramm-ReactNativeProgramm-dev/Pods-ReactNativeProgramm-ReactNativeProgramm-dev-frameworks-${CONFIGURATION}-input-files.xcfilelist",
			);
			name = "[CP] Embed Pods Frameworks";
			outputFileListPaths = (
				"${PODS_ROOT}/Target Support Files/Pods-ReactNativeProgramm-ReactNativeProgramm-dev/Pods-ReactNativeProgramm-ReactNativeProgramm-dev-frameworks-${CONFIGURATION}-output-files.xcfilelist",
			);
			runOnlyForDeploymentPostprocessing = 0;
			shellPath = /bin/sh;
			shellScript = "\"${PODS_ROOT}/Target Support Files/Pods-ReactNativeProgramm-ReactNativeProgramm-dev/Pods-ReactNativeProgramm-ReactNativeProgramm-dev-frameworks.sh\"\n";
			showEnvVarsInLog = 0;
		};
		A9E890252AA99E8A006ACA01 /* [CP] Copy Pods Resources */ = {
			isa = PBXShellScriptBuildPhase;
			buildActionMask = 2147483647;
			files = (
			);
			inputFileListPaths = (
				"${PODS_ROOT}/Target Support Files/Pods-ReactNativeProgramm-ReactNativeProgramm-dev/Pods-ReactNativeProgramm-ReactNativeProgramm-dev-resources-${CONFIGURATION}-input-files.xcfilelist",
			);
			name = "[CP] Copy Pods Resources";
			outputFileListPaths = (
				"${PODS_ROOT}/Target Support Files/Pods-ReactNativeProgramm-ReactNativeProgramm-dev/Pods-ReactNativeProgramm-ReactNativeProgramm-dev-resources-${CONFIGURATION}-output-files.xcfilelist",
			);
			runOnlyForDeploymentPostprocessing = 0;
			shellPath = /bin/sh;
			shellScript = "\"${PODS_ROOT}/Target Support Files/Pods-ReactNativeProgramm-ReactNativeProgramm-dev/Pods-ReactNativeProgramm-ReactNativeProgramm-dev-resources.sh\"\n";
			showEnvVarsInLog = 0;
		};
		A9E8902C2AA99F07006ACA01 /* [CP] Check Pods Manifest.lock */ = {
			isa = PBXShellScriptBuildPhase;
			buildActionMask = 2147483647;
			files = (
			);
			inputFileListPaths = (
			);
			inputPaths = (
				"${PODS_PODFILE_DIR_PATH}/Podfile.lock",
				"${PODS_ROOT}/Manifest.lock",
			);
			name = "[CP] Check Pods Manifest.lock";
			outputFileListPaths = (
			);
			outputPaths = (
				"$(DERIVED_FILE_DIR)/Pods-ReactNativeProgramm-ReactNativeProgramm-qa-checkManifestLockResult.txt",
			);
			runOnlyForDeploymentPostprocessing = 0;
			shellPath = /bin/sh;
			shellScript = "diff \"${PODS_PODFILE_DIR_PATH}/Podfile.lock\" \"${PODS_ROOT}/Manifest.lock\" > /dev/null\nif [ $? != 0 ] ; then\n    # print error to STDERR\n    echo \"error: The sandbox is not in sync with the Podfile.lock. Run 'pod install' or update your CocoaPods installation.\" >&2\n    exit 1\nfi\n# This output is used by Xcode 'outputs' to avoid re-running this script phase.\necho \"SUCCESS\" > \"${SCRIPT_OUTPUT_FILE_0}\"\n";
			showEnvVarsInLog = 0;
		};
		A9E8902D2AA99F07006ACA01 /* Start Packager */ = {
			isa = PBXShellScriptBuildPhase;
			buildActionMask = 2147483647;
			files = (
			);
			inputFileListPaths = (
			);
			inputPaths = (
			);
			name = "Start Packager";
			outputFileListPaths = (
			);
			outputPaths = (
			);
			runOnlyForDeploymentPostprocessing = 0;
			shellPath = /bin/sh;
			shellScript = "export RCT_METRO_PORT=\"${RCT_METRO_PORT:=8081}\"\necho \"export RCT_METRO_PORT=${RCT_METRO_PORT}\" > \"${SRCROOT}/../node_modules/react-native/scripts/.packager.env\"\nif [ -z \"${RCT_NO_LAUNCH_PACKAGER+xxx}\" ] ; then\n  if nc -w 5 -z localhost ${RCT_METRO_PORT} ; then\n    if ! curl -s \"http://localhost:${RCT_METRO_PORT}/status\" | grep -q \"packager-status:running\" ; then\n      echo \"Port ${RCT_METRO_PORT} already in use, packager is either not running or not running correctly\"\n      exit 2\n    fi\n  else\n    open \"$SRCROOT/../node_modules/react-native/scripts/launchPackager.command\" || echo \"Can't start packager automatically\"\n  fi\nfi\n";
			showEnvVarsInLog = 0;
		};
		A9E8902E2AA99F07006ACA01 /* [Expo] Configure project */ = {
			isa = PBXShellScriptBuildPhase;
			alwaysOutOfDate = 1;
			buildActionMask = 2147483647;
			files = (
			);
			inputFileListPaths = (
			);
			inputPaths = (
			);
			name = "[Expo] Configure project";
			outputFileListPaths = (
			);
			outputPaths = (
			);
			runOnlyForDeploymentPostprocessing = 0;
			shellPath = /bin/sh;
			shellScript = "# This script configures Expo modules and generates the modules provider file.\nbash -l -c \"./Pods/Target\\ Support\\ Files/Pods-ReactNativeProgramm/expo-configure-project.sh\"\n";
		};
		A9E890382AA99F07006ACA01 /* Bundle React Native code and images */ = {
			isa = PBXShellScriptBuildPhase;
			buildActionMask = 2147483647;
			files = (
			);
			inputPaths = (
				"$(SRCROOT)/.xcode.env.local",
				"$(SRCROOT)/.xcode.env",
			);
			name = "Bundle React Native code and images";
			outputPaths = (
			);
			runOnlyForDeploymentPostprocessing = 0;
			shellPath = /bin/sh;
			shellScript = "set -e\n\nWITH_ENVIRONMENT=\"../node_modules/react-native/scripts/xcode/with-environment.sh\"\nREACT_NATIVE_XCODE=\"../node_modules/react-native/scripts/react-native-xcode.sh\"\n\n/bin/sh -c \"$WITH_ENVIRONMENT $REACT_NATIVE_XCODE\"\n";
		};
		A9E890392AA99F07006ACA01 /* [CP] Embed Pods Frameworks */ = {
			isa = PBXShellScriptBuildPhase;
			buildActionMask = 2147483647;
			files = (
			);
			inputFileListPaths = (
				"${PODS_ROOT}/Target Support Files/Pods-ReactNativeProgramm-ReactNativeProgramm-qa/Pods-ReactNativeProgramm-ReactNativeProgramm-qa-frameworks-${CONFIGURATION}-input-files.xcfilelist",
			);
			name = "[CP] Embed Pods Frameworks";
			outputFileListPaths = (
				"${PODS_ROOT}/Target Support Files/Pods-ReactNativeProgramm-ReactNativeProgramm-qa/Pods-ReactNativeProgramm-ReactNativeProgramm-qa-frameworks-${CONFIGURATION}-output-files.xcfilelist",
			);
			runOnlyForDeploymentPostprocessing = 0;
			shellPath = /bin/sh;
			shellScript = "\"${PODS_ROOT}/Target Support Files/Pods-ReactNativeProgramm-ReactNativeProgramm-qa/Pods-ReactNativeProgramm-ReactNativeProgramm-qa-frameworks.sh\"\n";
			showEnvVarsInLog = 0;
		};
		A9E8903A2AA99F07006ACA01 /* [CP] Copy Pods Resources */ = {
			isa = PBXShellScriptBuildPhase;
			buildActionMask = 2147483647;
			files = (
			);
			inputFileListPaths = (
				"${PODS_ROOT}/Target Support Files/Pods-ReactNativeProgramm-ReactNativeProgramm-qa/Pods-ReactNativeProgramm-ReactNativeProgramm-qa-resources-${CONFIGURATION}-input-files.xcfilelist",
			);
			name = "[CP] Copy Pods Resources";
			outputFileListPaths = (
				"${PODS_ROOT}/Target Support Files/Pods-ReactNativeProgramm-ReactNativeProgramm-qa/Pods-ReactNativeProgramm-ReactNativeProgramm-qa-resources-${CONFIGURATION}-output-files.xcfilelist",
			);
			runOnlyForDeploymentPostprocessing = 0;
			shellPath = /bin/sh;
			shellScript = "\"${PODS_ROOT}/Target Support Files/Pods-ReactNativeProgramm-ReactNativeProgramm-qa/Pods-ReactNativeProgramm-ReactNativeProgramm-qa-resources.sh\"\n";
			showEnvVarsInLog = 0;
		};
		A9E890412AA99F1C006ACA01 /* [CP] Check Pods Manifest.lock */ = {
			isa = PBXShellScriptBuildPhase;
			buildActionMask = 2147483647;
			files = (
			);
			inputFileListPaths = (
			);
			inputPaths = (
				"${PODS_PODFILE_DIR_PATH}/Podfile.lock",
				"${PODS_ROOT}/Manifest.lock",
			);
			name = "[CP] Check Pods Manifest.lock";
			outputFileListPaths = (
			);
			outputPaths = (
				"$(DERIVED_FILE_DIR)/Pods-ReactNativeProgramm-ReactNativeProgramm-prod-checkManifestLockResult.txt",
			);
			runOnlyForDeploymentPostprocessing = 0;
			shellPath = /bin/sh;
			shellScript = "diff \"${PODS_PODFILE_DIR_PATH}/Podfile.lock\" \"${PODS_ROOT}/Manifest.lock\" > /dev/null\nif [ $? != 0 ] ; then\n    # print error to STDERR\n    echo \"error: The sandbox is not in sync with the Podfile.lock. Run 'pod install' or update your CocoaPods installation.\" >&2\n    exit 1\nfi\n# This output is used by Xcode 'outputs' to avoid re-running this script phase.\necho \"SUCCESS\" > \"${SCRIPT_OUTPUT_FILE_0}\"\n";
			showEnvVarsInLog = 0;
		};
		A9E890422AA99F1C006ACA01 /* Start Packager */ = {
			isa = PBXShellScriptBuildPhase;
			buildActionMask = 2147483647;
			files = (
			);
			inputFileListPaths = (
			);
			inputPaths = (
			);
			name = "Start Packager";
			outputFileListPaths = (
			);
			outputPaths = (
			);
			runOnlyForDeploymentPostprocessing = 0;
			shellPath = /bin/sh;
			shellScript = "export RCT_METRO_PORT=\"${RCT_METRO_PORT:=8081}\"\necho \"export RCT_METRO_PORT=${RCT_METRO_PORT}\" > \"${SRCROOT}/../node_modules/react-native/scripts/.packager.env\"\nif [ -z \"${RCT_NO_LAUNCH_PACKAGER+xxx}\" ] ; then\n  if nc -w 5 -z localhost ${RCT_METRO_PORT} ; then\n    if ! curl -s \"http://localhost:${RCT_METRO_PORT}/status\" | grep -q \"packager-status:running\" ; then\n      echo \"Port ${RCT_METRO_PORT} already in use, packager is either not running or not running correctly\"\n      exit 2\n    fi\n  else\n    open \"$SRCROOT/../node_modules/react-native/scripts/launchPackager.command\" || echo \"Can't start packager automatically\"\n  fi\nfi\n";
			showEnvVarsInLog = 0;
		};
		A9E890432AA99F1C006ACA01 /* [Expo] Configure project */ = {
			isa = PBXShellScriptBuildPhase;
			alwaysOutOfDate = 1;
			buildActionMask = 2147483647;
			files = (
			);
			inputFileListPaths = (
			);
			inputPaths = (
			);
			name = "[Expo] Configure project";
			outputFileListPaths = (
			);
			outputPaths = (
			);
			runOnlyForDeploymentPostprocessing = 0;
			shellPath = /bin/sh;
			shellScript = "# This script configures Expo modules and generates the modules provider file.\nbash -l -c \"./Pods/Target\\ Support\\ Files/Pods-ReactNativeProgramm/expo-configure-project.sh\"\n";
		};
		A9E8904D2AA99F1C006ACA01 /* Bundle React Native code and images */ = {
			isa = PBXShellScriptBuildPhase;
			buildActionMask = 2147483647;
			files = (
			);
			inputPaths = (
				"$(SRCROOT)/.xcode.env.local",
				"$(SRCROOT)/.xcode.env",
			);
			name = "Bundle React Native code and images";
			outputPaths = (
			);
			runOnlyForDeploymentPostprocessing = 0;
			shellPath = /bin/sh;
			shellScript = "set -e\n\nWITH_ENVIRONMENT=\"../node_modules/react-native/scripts/xcode/with-environment.sh\"\nREACT_NATIVE_XCODE=\"../node_modules/react-native/scripts/react-native-xcode.sh\"\n\n/bin/sh -c \"$WITH_ENVIRONMENT $REACT_NATIVE_XCODE\"\n";
		};
		A9E8904E2AA99F1C006ACA01 /* [CP] Embed Pods Frameworks */ = {
			isa = PBXShellScriptBuildPhase;
			buildActionMask = 2147483647;
			files = (
			);
			inputFileListPaths = (
				"${PODS_ROOT}/Target Support Files/Pods-ReactNativeProgramm-ReactNativeProgramm-prod/Pods-ReactNativeProgramm-ReactNativeProgramm-prod-frameworks-${CONFIGURATION}-input-files.xcfilelist",
			);
			name = "[CP] Embed Pods Frameworks";
			outputFileListPaths = (
				"${PODS_ROOT}/Target Support Files/Pods-ReactNativeProgramm-ReactNativeProgramm-prod/Pods-ReactNativeProgramm-ReactNativeProgramm-prod-frameworks-${CONFIGURATION}-output-files.xcfilelist",
			);
			runOnlyForDeploymentPostprocessing = 0;
			shellPath = /bin/sh;
			shellScript = "\"${PODS_ROOT}/Target Support Files/Pods-ReactNativeProgramm-ReactNativeProgramm-prod/Pods-ReactNativeProgramm-ReactNativeProgramm-prod-frameworks.sh\"\n";
			showEnvVarsInLog = 0;
		};
		A9E8904F2AA99F1C006ACA01 /* [CP] Copy Pods Resources */ = {
			isa = PBXShellScriptBuildPhase;
			buildActionMask = 2147483647;
			files = (
			);
			inputFileListPaths = (
				"${PODS_ROOT}/Target Support Files/Pods-ReactNativeProgramm-ReactNativeProgramm-prod/Pods-ReactNativeProgramm-ReactNativeProgramm-prod-resources-${CONFIGURATION}-input-files.xcfilelist",
			);
			name = "[CP] Copy Pods Resources";
			outputFileListPaths = (
				"${PODS_ROOT}/Target Support Files/Pods-ReactNativeProgramm-ReactNativeProgramm-prod/Pods-ReactNativeProgramm-ReactNativeProgramm-prod-resources-${CONFIGURATION}-output-files.xcfilelist",
			);
			runOnlyForDeploymentPostprocessing = 0;
			shellPath = /bin/sh;
			shellScript = "\"${PODS_ROOT}/Target Support Files/Pods-ReactNativeProgramm-ReactNativeProgramm-prod/Pods-ReactNativeProgramm-ReactNativeProgramm-prod-resources.sh\"\n";
			showEnvVarsInLog = 0;
		};
		C38B50BA6285516D6DCD4F65 /* [CP] Check Pods Manifest.lock */ = {
			isa = PBXShellScriptBuildPhase;
			buildActionMask = 2147483647;
			files = (
			);
			inputFileListPaths = (
			);
			inputPaths = (
				"${PODS_PODFILE_DIR_PATH}/Podfile.lock",
				"${PODS_ROOT}/Manifest.lock",
			);
			name = "[CP] Check Pods Manifest.lock";
			outputFileListPaths = (
			);
			outputPaths = (
				"$(DERIVED_FILE_DIR)/Pods-ReactNativeProgramm-checkManifestLockResult.txt",
			);
			runOnlyForDeploymentPostprocessing = 0;
			shellPath = /bin/sh;
			shellScript = "diff \"${PODS_PODFILE_DIR_PATH}/Podfile.lock\" \"${PODS_ROOT}/Manifest.lock\" > /dev/null\nif [ $? != 0 ] ; then\n    # print error to STDERR\n    echo \"error: The sandbox is not in sync with the Podfile.lock. Run 'pod install' or update your CocoaPods installation.\" >&2\n    exit 1\nfi\n# This output is used by Xcode 'outputs' to avoid re-running this script phase.\necho \"SUCCESS\" > \"${SCRIPT_OUTPUT_FILE_0}\"\n";
			showEnvVarsInLog = 0;
		};
		E235C05ADACE081382539298 /* [CP] Copy Pods Resources */ = {
			isa = PBXShellScriptBuildPhase;
			buildActionMask = 2147483647;
			files = (
			);
			inputFileListPaths = (
				"${PODS_ROOT}/Target Support Files/Pods-ReactNativeProgramm/Pods-ReactNativeProgramm-resources-${CONFIGURATION}-input-files.xcfilelist",
			);
			name = "[CP] Copy Pods Resources";
			outputFileListPaths = (
				"${PODS_ROOT}/Target Support Files/Pods-ReactNativeProgramm/Pods-ReactNativeProgramm-resources-${CONFIGURATION}-output-files.xcfilelist",
			);
			runOnlyForDeploymentPostprocessing = 0;
			shellPath = /bin/sh;
			shellScript = "\"${PODS_ROOT}/Target Support Files/Pods-ReactNativeProgramm/Pods-ReactNativeProgramm-resources.sh\"\n";
			showEnvVarsInLog = 0;
		};
		FD10A7F022414F080027D42C /* Start Packager */ = {
			isa = PBXShellScriptBuildPhase;
			buildActionMask = 2147483647;
			files = (
			);
			inputFileListPaths = (
			);
			inputPaths = (
			);
			name = "Start Packager";
			outputFileListPaths = (
			);
			outputPaths = (
			);
			runOnlyForDeploymentPostprocessing = 0;
			shellPath = /bin/sh;
			shellScript = "export RCT_METRO_PORT=\"${RCT_METRO_PORT:=8081}\"\necho \"export RCT_METRO_PORT=${RCT_METRO_PORT}\" > \"${SRCROOT}/../node_modules/react-native/scripts/.packager.env\"\nif [ -z \"${RCT_NO_LAUNCH_PACKAGER+xxx}\" ] ; then\n  if nc -w 5 -z localhost ${RCT_METRO_PORT} ; then\n    if ! curl -s \"http://localhost:${RCT_METRO_PORT}/status\" | grep -q \"packager-status:running\" ; then\n      echo \"Port ${RCT_METRO_PORT} already in use, packager is either not running or not running correctly\"\n      exit 2\n    fi\n  else\n    open \"$SRCROOT/../node_modules/react-native/scripts/launchPackager.command\" || echo \"Can't start packager automatically\"\n  fi\nfi\n";
			showEnvVarsInLog = 0;
		};
/* End PBXShellScriptBuildPhase section */

/* Begin PBXSourcesBuildPhase section */
		13B07F871A680F5B00A75B9A /* Sources */ = {
			isa = PBXSourcesBuildPhase;
			buildActionMask = 2147483647;
			files = (
				13B07FBC1A68108700A75B9A /* AppDelegate.mm in Sources */,
				13B07FC11A68108700A75B9A /* main.m in Sources */,
				A1E31515C30D6598AFB5166C /* ExpoModulesProvider.swift in Sources */,
			);
			runOnlyForDeploymentPostprocessing = 0;
		};
		A9E8901A2AA99E8A006ACA01 /* Sources */ = {
			isa = PBXSourcesBuildPhase;
			buildActionMask = 2147483647;
			files = (
				A9E8901B2AA99E8A006ACA01 /* AppDelegate.mm in Sources */,
				A9E8901C2AA99E8A006ACA01 /* main.m in Sources */,
				A9E8901D2AA99E8A006ACA01 /* ExpoModulesProvider.swift in Sources */,
				E36121857D64950473E926A6 /* ExpoModulesProvider.swift in Sources */,
			);
			runOnlyForDeploymentPostprocessing = 0;
		};
		A9E8902F2AA99F07006ACA01 /* Sources */ = {
			isa = PBXSourcesBuildPhase;
			buildActionMask = 2147483647;
			files = (
				A9E890302AA99F07006ACA01 /* AppDelegate.mm in Sources */,
				A9E890312AA99F07006ACA01 /* main.m in Sources */,
				A9E890322AA99F07006ACA01 /* ExpoModulesProvider.swift in Sources */,
				5EF8800E32942283473A9B8C /* ExpoModulesProvider.swift in Sources */,
			);
			runOnlyForDeploymentPostprocessing = 0;
		};
		A9E890442AA99F1C006ACA01 /* Sources */ = {
			isa = PBXSourcesBuildPhase;
			buildActionMask = 2147483647;
			files = (
				A9E890452AA99F1C006ACA01 /* AppDelegate.mm in Sources */,
				A9E890462AA99F1C006ACA01 /* main.m in Sources */,
				A9E890472AA99F1C006ACA01 /* ExpoModulesProvider.swift in Sources */,
				A35A36D1F20701F1EC64F8F0 /* ExpoModulesProvider.swift in Sources */,
			);
			runOnlyForDeploymentPostprocessing = 0;
		};
/* End PBXSourcesBuildPhase section */

/* Begin XCBuildConfiguration section */
		13B07F941A680F5B00A75B9A /* Debug */ = {
			isa = XCBuildConfiguration;
			baseConfigurationReference = 3B4392A12AC88292D35C810B /* Pods-ReactNativeProgramm.debug.xcconfig */;
			buildSettings = {
				ASSETCATALOG_COMPILER_APPICON_NAME = AppIcon;
				CLANG_ENABLE_MODULES = YES;
				CURRENT_PROJECT_VERSION = 1;
				ENABLE_BITCODE = NO;
				INFOPLIST_FILE = ReactNativeProgramm/Info.plist;
				LD_RUNPATH_SEARCH_PATHS = (
					"$(inherited)",
					"@executable_path/Frameworks",
				);
				MARKETING_VERSION = 1.0;
				OTHER_LDFLAGS = (
					"$(inherited)",
					"-ObjC",
					"-lc++",
				);
				OTHER_SWIFT_FLAGS = "$(inherited) -D EXPO_CONFIGURATION_DEBUG";
				PRODUCT_BUNDLE_IDENTIFIER = "org.reactjs.native.example.$(PRODUCT_NAME:rfc1034identifier)";
				PRODUCT_NAME = ReactNativeProgramm;
				SWIFT_OPTIMIZATION_LEVEL = "-Onone";
				SWIFT_VERSION = 5.0;
				VERSIONING_SYSTEM = "apple-generic";
			};
			name = Debug;
		};
		13B07F951A680F5B00A75B9A /* Release */ = {
			isa = XCBuildConfiguration;
			baseConfigurationReference = 5709B34CF0A7D63546082F79 /* Pods-ReactNativeProgramm.release.xcconfig */;
			buildSettings = {
				ASSETCATALOG_COMPILER_APPICON_NAME = AppIcon;
				CLANG_ENABLE_MODULES = YES;
				CURRENT_PROJECT_VERSION = 1;
				INFOPLIST_FILE = ReactNativeProgramm/Info.plist;
				LD_RUNPATH_SEARCH_PATHS = (
					"$(inherited)",
					"@executable_path/Frameworks",
				);
				MARKETING_VERSION = 1.0;
				OTHER_LDFLAGS = (
					"$(inherited)",
					"-ObjC",
					"-lc++",
				);
				OTHER_SWIFT_FLAGS = "$(inherited) -D EXPO_CONFIGURATION_RELEASE";
				PRODUCT_BUNDLE_IDENTIFIER = "org.reactjs.native.example.$(PRODUCT_NAME:rfc1034identifier)";
				PRODUCT_NAME = ReactNativeProgramm;
				SWIFT_VERSION = 5.0;
				VERSIONING_SYSTEM = "apple-generic";
			};
			name = Release;
		};
		83CBBA201A601CBA00E9B192 /* Debug */ = {
			isa = XCBuildConfiguration;
			buildSettings = {
				ALWAYS_SEARCH_USER_PATHS = NO;
				CLANG_ANALYZER_LOCALIZABILITY_NONLOCALIZED = YES;
				CLANG_CXX_LANGUAGE_STANDARD = "c++17";
				CLANG_CXX_LIBRARY = "libc++";
				CLANG_ENABLE_MODULES = YES;
				CLANG_ENABLE_OBJC_ARC = YES;
				CLANG_WARN_BLOCK_CAPTURE_AUTORELEASING = YES;
				CLANG_WARN_BOOL_CONVERSION = YES;
				CLANG_WARN_COMMA = YES;
				CLANG_WARN_CONSTANT_CONVERSION = YES;
				CLANG_WARN_DEPRECATED_OBJC_IMPLEMENTATIONS = YES;
				CLANG_WARN_DIRECT_OBJC_ISA_USAGE = YES_ERROR;
				CLANG_WARN_EMPTY_BODY = YES;
				CLANG_WARN_ENUM_CONVERSION = YES;
				CLANG_WARN_INFINITE_RECURSION = YES;
				CLANG_WARN_INT_CONVERSION = YES;
				CLANG_WARN_NON_LITERAL_NULL_CONVERSION = YES;
				CLANG_WARN_OBJC_IMPLICIT_RETAIN_SELF = YES;
				CLANG_WARN_OBJC_LITERAL_CONVERSION = YES;
				CLANG_WARN_OBJC_ROOT_CLASS = YES_ERROR;
				CLANG_WARN_QUOTED_INCLUDE_IN_FRAMEWORK_HEADER = YES;
				CLANG_WARN_RANGE_LOOP_ANALYSIS = YES;
				CLANG_WARN_STRICT_PROTOTYPES = YES;
				CLANG_WARN_SUSPICIOUS_MOVE = YES;
				CLANG_WARN_UNREACHABLE_CODE = YES;
				CLANG_WARN__DUPLICATE_METHOD_MATCH = YES;
				"CODE_SIGN_IDENTITY[sdk=iphoneos*]" = "iPhone Developer";
				COPY_PHASE_STRIP = NO;
				ENABLE_STRICT_OBJC_MSGSEND = YES;
				ENABLE_TESTABILITY = YES;
				"EXCLUDED_ARCHS[sdk=iphonesimulator*]" = "";
				GCC_C_LANGUAGE_STANDARD = gnu99;
				GCC_DYNAMIC_NO_PIC = NO;
				GCC_NO_COMMON_BLOCKS = YES;
				GCC_OPTIMIZATION_LEVEL = 0;
				GCC_PREPROCESSOR_DEFINITIONS = (
					"DEBUG=1",
					"$(inherited)",
				);
				GCC_SYMBOLS_PRIVATE_EXTERN = NO;
				GCC_WARN_64_TO_32_BIT_CONVERSION = YES;
				GCC_WARN_ABOUT_RETURN_TYPE = YES_ERROR;
				GCC_WARN_UNDECLARED_SELECTOR = YES;
				GCC_WARN_UNINITIALIZED_AUTOS = YES_AGGRESSIVE;
				GCC_WARN_UNUSED_FUNCTION = YES;
				GCC_WARN_UNUSED_VARIABLE = YES;
				IPHONEOS_DEPLOYMENT_TARGET = 13.0;
				LD_RUNPATH_SEARCH_PATHS = (
					/usr/lib/swift,
					"$(inherited)",
				);
				LIBRARY_SEARCH_PATHS = (
					"\"$(SDKROOT)/usr/lib/swift\"",
					"\"$(TOOLCHAIN_DIR)/usr/lib/swift/$(PLATFORM_NAME)\"",
					"\"$(inherited)\"",
				);
				MTL_ENABLE_DEBUG_INFO = YES;
				ONLY_ACTIVE_ARCH = YES;
				OTHER_CFLAGS = "$(inherited)";
				OTHER_CPLUSPLUSFLAGS = (
					"$(OTHER_CFLAGS)",
					"-DFOLLY_NO_CONFIG",
					"-DFOLLY_MOBILE=1",
					"-DFOLLY_USE_LIBCPP=1",
				);
				REACT_NATIVE_PATH = "${PODS_ROOT}/../../node_modules/react-native";
				SDKROOT = iphoneos;
			};
			name = Debug;
		};
		83CBBA211A601CBA00E9B192 /* Release */ = {
			isa = XCBuildConfiguration;
			buildSettings = {
				ALWAYS_SEARCH_USER_PATHS = NO;
				CLANG_ANALYZER_LOCALIZABILITY_NONLOCALIZED = YES;
				CLANG_CXX_LANGUAGE_STANDARD = "c++17";
				CLANG_CXX_LIBRARY = "libc++";
				CLANG_ENABLE_MODULES = YES;
				CLANG_ENABLE_OBJC_ARC = YES;
				CLANG_WARN_BLOCK_CAPTURE_AUTORELEASING = YES;
				CLANG_WARN_BOOL_CONVERSION = YES;
				CLANG_WARN_COMMA = YES;
				CLANG_WARN_CONSTANT_CONVERSION = YES;
				CLANG_WARN_DEPRECATED_OBJC_IMPLEMENTATIONS = YES;
				CLANG_WARN_DIRECT_OBJC_ISA_USAGE = YES_ERROR;
				CLANG_WARN_EMPTY_BODY = YES;
				CLANG_WARN_ENUM_CONVERSION = YES;
				CLANG_WARN_INFINITE_RECURSION = YES;
				CLANG_WARN_INT_CONVERSION = YES;
				CLANG_WARN_NON_LITERAL_NULL_CONVERSION = YES;
				CLANG_WARN_OBJC_IMPLICIT_RETAIN_SELF = YES;
				CLANG_WARN_OBJC_LITERAL_CONVERSION = YES;
				CLANG_WARN_OBJC_ROOT_CLASS = YES_ERROR;
				CLANG_WARN_QUOTED_INCLUDE_IN_FRAMEWORK_HEADER = YES;
				CLANG_WARN_RANGE_LOOP_ANALYSIS = YES;
				CLANG_WARN_STRICT_PROTOTYPES = YES;
				CLANG_WARN_SUSPICIOUS_MOVE = YES;
				CLANG_WARN_UNREACHABLE_CODE = YES;
				CLANG_WARN__DUPLICATE_METHOD_MATCH = YES;
				"CODE_SIGN_IDENTITY[sdk=iphoneos*]" = "iPhone Developer";
				COPY_PHASE_STRIP = YES;
				ENABLE_NS_ASSERTIONS = NO;
				ENABLE_STRICT_OBJC_MSGSEND = YES;
				"EXCLUDED_ARCHS[sdk=iphonesimulator*]" = "";
				GCC_C_LANGUAGE_STANDARD = gnu99;
				GCC_NO_COMMON_BLOCKS = YES;
				GCC_WARN_64_TO_32_BIT_CONVERSION = YES;
				GCC_WARN_ABOUT_RETURN_TYPE = YES_ERROR;
				GCC_WARN_UNDECLARED_SELECTOR = YES;
				GCC_WARN_UNINITIALIZED_AUTOS = YES_AGGRESSIVE;
				GCC_WARN_UNUSED_FUNCTION = YES;
				GCC_WARN_UNUSED_VARIABLE = YES;
				IPHONEOS_DEPLOYMENT_TARGET = 13.0;
				LD_RUNPATH_SEARCH_PATHS = (
					/usr/lib/swift,
					"$(inherited)",
				);
				LIBRARY_SEARCH_PATHS = (
					"\"$(SDKROOT)/usr/lib/swift\"",
					"\"$(TOOLCHAIN_DIR)/usr/lib/swift/$(PLATFORM_NAME)\"",
					"\"$(inherited)\"",
				);
				MTL_ENABLE_DEBUG_INFO = NO;
				OTHER_CFLAGS = "$(inherited)";
				OTHER_CPLUSPLUSFLAGS = (
					"$(OTHER_CFLAGS)",
					"-DFOLLY_NO_CONFIG",
					"-DFOLLY_MOBILE=1",
					"-DFOLLY_USE_LIBCPP=1",
				);
				REACT_NATIVE_PATH = "${PODS_ROOT}/../../node_modules/react-native";
				SDKROOT = iphoneos;
				VALIDATE_PRODUCT = YES;
			};
			name = Release;
		};
		A9E890272AA99E8A006ACA01 /* Debug */ = {
			isa = XCBuildConfiguration;
			baseConfigurationReference = F66C8AFB743E30F745A1F4F3 /* Pods-ReactNativeProgramm-ReactNativeProgramm-dev.debug.xcconfig */;
			buildSettings = {
				ASSETCATALOG_COMPILER_APPICON_NAME = "AppIcon-dev";
				CLANG_ENABLE_MODULES = YES;
				CURRENT_PROJECT_VERSION = 1;
				ENABLE_BITCODE = NO;
				INFOPLIST_FILE = "ReactNativeProgramm dev-Info.plist";
				LD_RUNPATH_SEARCH_PATHS = (
					"$(inherited)",
					"@executable_path/Frameworks",
				);
				MARKETING_VERSION = 1.0;
				OTHER_LDFLAGS = (
					"$(inherited)",
					"-ObjC",
					"-lc++",
				);
				OTHER_SWIFT_FLAGS = "$(inherited) -D EXPO_CONFIGURATION_DEBUG";
				PRODUCT_BUNDLE_IDENTIFIER = "org.reactjs.native.example.$(PRODUCT_NAME:rfc1034identifier)";
				PRODUCT_NAME = "$(TARGET_NAME)";
				SWIFT_OPTIMIZATION_LEVEL = "-Onone";
				SWIFT_VERSION = 5.0;
				VERSIONING_SYSTEM = "apple-generic";
			};
			name = Debug;
		};
		A9E890282AA99E8A006ACA01 /* Release */ = {
			isa = XCBuildConfiguration;
			baseConfigurationReference = E9BF3E5D91A7A3BB2CCC4632 /* Pods-ReactNativeProgramm-ReactNativeProgramm-dev.release.xcconfig */;
			buildSettings = {
				ASSETCATALOG_COMPILER_APPICON_NAME = "AppIcon-dev";
				CLANG_ENABLE_MODULES = YES;
				CURRENT_PROJECT_VERSION = 1;
				INFOPLIST_FILE = "ReactNativeProgramm dev-Info.plist";
				LD_RUNPATH_SEARCH_PATHS = (
					"$(inherited)",
					"@executable_path/Frameworks",
				);
				MARKETING_VERSION = 1.0;
				OTHER_LDFLAGS = (
					"$(inherited)",
					"-ObjC",
					"-lc++",
				);
				OTHER_SWIFT_FLAGS = "$(inherited) -D EXPO_CONFIGURATION_RELEASE";
				PRODUCT_BUNDLE_IDENTIFIER = "org.reactjs.native.example.$(PRODUCT_NAME:rfc1034identifier)";
				PRODUCT_NAME = "$(TARGET_NAME)";
				SWIFT_VERSION = 5.0;
				VERSIONING_SYSTEM = "apple-generic";
			};
			name = Release;
		};
		A9E8903C2AA99F07006ACA01 /* Debug */ = {
			isa = XCBuildConfiguration;
			baseConfigurationReference = 68FFB95543C2AE6839EDD1D5 /* Pods-ReactNativeProgramm-ReactNativeProgramm-qa.debug.xcconfig */;
			buildSettings = {
				ASSETCATALOG_COMPILER_APPICON_NAME = "AppIcon-qa";
				CLANG_ENABLE_MODULES = YES;
				CURRENT_PROJECT_VERSION = 1;
				ENABLE_BITCODE = NO;
				INFOPLIST_FILE = "ReactNativeProgramm qa-Info.plist";
				LD_RUNPATH_SEARCH_PATHS = (
					"$(inherited)",
					"@executable_path/Frameworks",
				);
				MARKETING_VERSION = 1.0;
				OTHER_LDFLAGS = (
					"$(inherited)",
					"-ObjC",
					"-lc++",
				);
				OTHER_SWIFT_FLAGS = "$(inherited) -D EXPO_CONFIGURATION_DEBUG";
				PRODUCT_BUNDLE_IDENTIFIER = "org.reactjs.native.example.$(PRODUCT_NAME:rfc1034identifier)";
				PRODUCT_NAME = "$(TARGET_NAME)";
				SWIFT_OPTIMIZATION_LEVEL = "-Onone";
				SWIFT_VERSION = 5.0;
				VERSIONING_SYSTEM = "apple-generic";
			};
			name = Debug;
		};
		A9E8903D2AA99F07006ACA01 /* Release */ = {
			isa = XCBuildConfiguration;
			baseConfigurationReference = F3280559040123EFBFC725A0 /* Pods-ReactNativeProgramm-ReactNativeProgramm-qa.release.xcconfig */;
			buildSettings = {
				ASSETCATALOG_COMPILER_APPICON_NAME = "AppIcon-qa";
				CLANG_ENABLE_MODULES = YES;
				CURRENT_PROJECT_VERSION = 1;
				INFOPLIST_FILE = "ReactNativeProgramm qa-Info.plist";
				LD_RUNPATH_SEARCH_PATHS = (
					"$(inherited)",
					"@executable_path/Frameworks",
				);
				MARKETING_VERSION = 1.0;
				OTHER_LDFLAGS = (
					"$(inherited)",
					"-ObjC",
					"-lc++",
				);
				OTHER_SWIFT_FLAGS = "$(inherited) -D EXPO_CONFIGURATION_RELEASE";
				PRODUCT_BUNDLE_IDENTIFIER = "org.reactjs.native.example.$(PRODUCT_NAME:rfc1034identifier)";
				PRODUCT_NAME = "$(TARGET_NAME)";
				SWIFT_VERSION = 5.0;
				VERSIONING_SYSTEM = "apple-generic";
			};
			name = Release;
		};
		A9E890512AA99F1C006ACA01 /* Debug */ = {
			isa = XCBuildConfiguration;
			baseConfigurationReference = B5F2417B996E82BBE82E40B7 /* Pods-ReactNativeProgramm-ReactNativeProgramm-prod.debug.xcconfig */;
			buildSettings = {
				ASSETCATALOG_COMPILER_APPICON_NAME = "AppIcon-prod";
				CLANG_ENABLE_MODULES = YES;
				CURRENT_PROJECT_VERSION = 1;
				ENABLE_BITCODE = NO;
				INFOPLIST_FILE = "ReactNativeProgramm prod-Info.plist";
				LD_RUNPATH_SEARCH_PATHS = (
					"$(inherited)",
					"@executable_path/Frameworks",
				);
				MARKETING_VERSION = 1.0;
				OTHER_LDFLAGS = (
					"$(inherited)",
					"-ObjC",
					"-lc++",
				);
				OTHER_SWIFT_FLAGS = "$(inherited) -D EXPO_CONFIGURATION_DEBUG";
				PRODUCT_BUNDLE_IDENTIFIER = "org.reactjs.native.example.$(PRODUCT_NAME:rfc1034identifier)";
				PRODUCT_NAME = "$(TARGET_NAME)";
				SWIFT_OPTIMIZATION_LEVEL = "-Onone";
				SWIFT_VERSION = 5.0;
				VERSIONING_SYSTEM = "apple-generic";
			};
			name = Debug;
		};
		A9E890522AA99F1C006ACA01 /* Release */ = {
			isa = XCBuildConfiguration;
			baseConfigurationReference = CA6B910A021377A4BC6B060F /* Pods-ReactNativeProgramm-ReactNativeProgramm-prod.release.xcconfig */;
			buildSettings = {
				ASSETCATALOG_COMPILER_APPICON_NAME = "AppIcon-prod";
				CLANG_ENABLE_MODULES = YES;
				CURRENT_PROJECT_VERSION = 1;
				INFOPLIST_FILE = "ReactNativeProgramm prod-Info.plist";
				LD_RUNPATH_SEARCH_PATHS = (
					"$(inherited)",
					"@executable_path/Frameworks",
				);
				MARKETING_VERSION = 1.0;
				OTHER_LDFLAGS = (
					"$(inherited)",
					"-ObjC",
					"-lc++",
				);
				OTHER_SWIFT_FLAGS = "$(inherited) -D EXPO_CONFIGURATION_RELEASE";
				PRODUCT_BUNDLE_IDENTIFIER = "org.reactjs.native.example.$(PRODUCT_NAME:rfc1034identifier)";
				PRODUCT_NAME = "$(TARGET_NAME)";
				SWIFT_VERSION = 5.0;
				VERSIONING_SYSTEM = "apple-generic";
			};
			name = Release;
		};
/* End XCBuildConfiguration section */

/* Begin XCConfigurationList section */
		13B07F931A680F5B00A75B9A /* Build configuration list for PBXNativeTarget "ReactNativeProgramm" */ = {
			isa = XCConfigurationList;
			buildConfigurations = (
				13B07F941A680F5B00A75B9A /* Debug */,
				13B07F951A680F5B00A75B9A /* Release */,
			);
			defaultConfigurationIsVisible = 0;
			defaultConfigurationName = Release;
		};
		83CBB9FA1A601CBA00E9B192 /* Build configuration list for PBXProject "ReactNativeProgramm" */ = {
			isa = XCConfigurationList;
			buildConfigurations = (
				83CBBA201A601CBA00E9B192 /* Debug */,
				83CBBA211A601CBA00E9B192 /* Release */,
			);
			defaultConfigurationIsVisible = 0;
			defaultConfigurationName = Release;
		};
		A9E890262AA99E8A006ACA01 /* Build configuration list for PBXNativeTarget "ReactNativeProgramm-dev" */ = {
			isa = XCConfigurationList;
			buildConfigurations = (
				A9E890272AA99E8A006ACA01 /* Debug */,
				A9E890282AA99E8A006ACA01 /* Release */,
			);
			defaultConfigurationIsVisible = 0;
			defaultConfigurationName = Release;
		};
		A9E8903B2AA99F07006ACA01 /* Build configuration list for PBXNativeTarget "ReactNativeProgramm-qa" */ = {
			isa = XCConfigurationList;
			buildConfigurations = (
				A9E8903C2AA99F07006ACA01 /* Debug */,
				A9E8903D2AA99F07006ACA01 /* Release */,
			);
			defaultConfigurationIsVisible = 0;
			defaultConfigurationName = Release;
		};
		A9E890502AA99F1C006ACA01 /* Build configuration list for PBXNativeTarget "ReactNativeProgramm-prod" */ = {
			isa = XCConfigurationList;
			buildConfigurations = (
				A9E890512AA99F1C006ACA01 /* Debug */,
				A9E890522AA99F1C006ACA01 /* Release */,
			);
			defaultConfigurationIsVisible = 0;
			defaultConfigurationName = Release;
		};
/* End XCConfigurationList section */
	};
	rootObject = 83CBB9F71A601CBA00E9B192 /* Project object */;
}
